// !$*UTF8*$!
{
	archiveVersion = 1;
	classes = {
	};
	objectVersion = 46;
	objects = {

/* Begin PBXBuildFile section */
		B6D1EC041BE17FB0007A2C47 /* UIImage+animatedGIF.COPYRIGHT in Resources */ = {isa = PBXBuildFile; fileRef = B6D1EC011BE17FB0007A2C47 /* UIImage+animatedGIF.COPYRIGHT */; };
		B6D1EC051BE17FB0007A2C47 /* UIImage+animatedGIF.m in Sources */ = {isa = PBXBuildFile; fileRef = B6D1EC031BE17FB0007A2C47 /* UIImage+animatedGIF.m */; };
		B6D1EC0B1BE184D5007A2C47 /* puppy.gif in Resources */ = {isa = PBXBuildFile; fileRef = B6D1EC0A1BE184D5007A2C47 /* puppy.gif */; };
		B6FF56181BE0BFBE009D0F65 /* AppDelegate.swift in Sources */ = {isa = PBXBuildFile; fileRef = B6FF56171BE0BFBE009D0F65 /* AppDelegate.swift */; };
		B6FF561A1BE0BFBE009D0F65 /* ViewController.swift in Sources */ = {isa = PBXBuildFile; fileRef = B6FF56191BE0BFBE009D0F65 /* ViewController.swift */; };
		B6FF561D1BE0BFBE009D0F65 /* Main.storyboard in Resources */ = {isa = PBXBuildFile; fileRef = B6FF561B1BE0BFBE009D0F65 /* Main.storyboard */; };
		B6FF561F1BE0BFBE009D0F65 /* Assets.xcassets in Resources */ = {isa = PBXBuildFile; fileRef = B6FF561E1BE0BFBE009D0F65 /* Assets.xcassets */; };
		B6FF56221BE0BFBE009D0F65 /* LaunchScreen.storyboard in Resources */ = {isa = PBXBuildFile; fileRef = B6FF56201BE0BFBE009D0F65 /* LaunchScreen.storyboard */; };
		B6FF562D1BE0BFBE009D0F65 /* CQIntroductoryGIFFrameOperationHarnessTests.swift in Sources */ = {isa = PBXBuildFile; fileRef = B6FF562C1BE0BFBE009D0F65 /* CQIntroductoryGIFFrameOperationHarnessTests.swift */; };
		B6FF563A1BE0BFD3009D0F65 /* CQIntroductoryGIFFrameOperation.m in Sources */ = {isa = PBXBuildFile; fileRef = B6FF56391BE0BFD3009D0F65 /* CQIntroductoryGIFFrameOperation.m */; };
/* End PBXBuildFile section */

/* Begin PBXContainerItemProxy section */
		B6FF56291BE0BFBE009D0F65 /* PBXContainerItemProxy */ = {
			isa = PBXContainerItemProxy;
			containerPortal = B6FF560C1BE0BFBE009D0F65 /* Project object */;
			proxyType = 1;
			remoteGlobalIDString = B6FF56131BE0BFBE009D0F65;
			remoteInfo = CQIntroductoryGIFFrameOperationHarness;
		};
/* End PBXContainerItemProxy section */

/* Begin PBXFileReference section */
		B6D1EC011BE17FB0007A2C47 /* UIImage+animatedGIF.COPYRIGHT */ = {isa = PBXFileReference; fileEncoding = 4; lastKnownFileType = text; path = "UIImage+animatedGIF.COPYRIGHT"; sourceTree = "<group>"; };
		B6D1EC021BE17FB0007A2C47 /* UIImage+animatedGIF.h */ = {isa = PBXFileReference; fileEncoding = 4; lastKnownFileType = sourcecode.c.h; path = "UIImage+animatedGIF.h"; sourceTree = "<group>"; };
		B6D1EC031BE17FB0007A2C47 /* UIImage+animatedGIF.m */ = {isa = PBXFileReference; fileEncoding = 4; lastKnownFileType = sourcecode.c.objc; path = "UIImage+animatedGIF.m"; sourceTree = "<group>"; };
		B6D1EC0A1BE184D5007A2C47 /* puppy.gif */ = {isa = PBXFileReference; lastKnownFileType = image.gif; path = puppy.gif; sourceTree = SOURCE_ROOT; };
		B6FF56141BE0BFBE009D0F65 /* CQIntroductoryGIFFrameOperationHarness.app */ = {isa = PBXFileReference; explicitFileType = wrapper.application; includeInIndex = 0; path = CQIntroductoryGIFFrameOperationHarness.app; sourceTree = BUILT_PRODUCTS_DIR; };
		B6FF56171BE0BFBE009D0F65 /* AppDelegate.swift */ = {isa = PBXFileReference; lastKnownFileType = sourcecode.swift; path = AppDelegate.swift; sourceTree = "<group>"; };
		B6FF56191BE0BFBE009D0F65 /* ViewController.swift */ = {isa = PBXFileReference; lastKnownFileType = sourcecode.swift; path = ViewController.swift; sourceTree = "<group>"; };
		B6FF561C1BE0BFBE009D0F65 /* Base */ = {isa = PBXFileReference; lastKnownFileType = file.storyboard; name = Base; path = Base.lproj/Main.storyboard; sourceTree = "<group>"; };
		B6FF561E1BE0BFBE009D0F65 /* Assets.xcassets */ = {isa = PBXFileReference; lastKnownFileType = folder.assetcatalog; path = Assets.xcassets; sourceTree = "<group>"; };
		B6FF56211BE0BFBE009D0F65 /* Base */ = {isa = PBXFileReference; lastKnownFileType = file.storyboard; name = Base; path = Base.lproj/LaunchScreen.storyboard; sourceTree = "<group>"; };
		B6FF56231BE0BFBE009D0F65 /* Info.plist */ = {isa = PBXFileReference; lastKnownFileType = text.plist.xml; path = Info.plist; sourceTree = "<group>"; };
		B6FF56281BE0BFBE009D0F65 /* CQIntroductoryGIFFrameOperationHarnessTests.xctest */ = {isa = PBXFileReference; explicitFileType = wrapper.cfbundle; includeInIndex = 0; path = CQIntroductoryGIFFrameOperationHarnessTests.xctest; sourceTree = BUILT_PRODUCTS_DIR; };
		B6FF562C1BE0BFBE009D0F65 /* CQIntroductoryGIFFrameOperationHarnessTests.swift */ = {isa = PBXFileReference; lastKnownFileType = sourcecode.swift; path = CQIntroductoryGIFFrameOperationHarnessTests.swift; sourceTree = "<group>"; };
		B6FF562E1BE0BFBE009D0F65 /* Info.plist */ = {isa = PBXFileReference; lastKnownFileType = text.plist.xml; path = Info.plist; sourceTree = "<group>"; };
		B6FF56371BE0BFD2009D0F65 /* CQIntroductoryGIFFrameOperationHarness-Bridging-Header.h */ = {isa = PBXFileReference; lastKnownFileType = sourcecode.c.h; path = "CQIntroductoryGIFFrameOperationHarness-Bridging-Header.h"; sourceTree = "<group>"; };
		B6FF56381BE0BFD3009D0F65 /* CQIntroductoryGIFFrameOperation.h */ = {isa = PBXFileReference; fileEncoding = 4; lastKnownFileType = sourcecode.c.h; path = CQIntroductoryGIFFrameOperation.h; sourceTree = "<group>"; };
		B6FF56391BE0BFD3009D0F65 /* CQIntroductoryGIFFrameOperation.m */ = {isa = PBXFileReference; fileEncoding = 4; lastKnownFileType = sourcecode.c.objc; path = CQIntroductoryGIFFrameOperation.m; sourceTree = "<group>"; };
/* End PBXFileReference section */

/* Begin PBXFrameworksBuildPhase section */
		B6FF56111BE0BFBE009D0F65 /* Frameworks */ = {
			isa = PBXFrameworksBuildPhase;
			buildActionMask = 2147483647;
			files = (
			);
			runOnlyForDeploymentPostprocessing = 0;
		};
		B6FF56251BE0BFBE009D0F65 /* Frameworks */ = {
			isa = PBXFrameworksBuildPhase;
			buildActionMask = 2147483647;
			files = (
			);
			runOnlyForDeploymentPostprocessing = 0;
		};
/* End PBXFrameworksBuildPhase section */

/* Begin PBXGroup section */
		B6D1EC001BE17FB0007A2C47 /* AnimatedGIFPlayback */ = {
			isa = PBXGroup;
			children = (
				B6D1EC011BE17FB0007A2C47 /* UIImage+animatedGIF.COPYRIGHT */,
				B6D1EC021BE17FB0007A2C47 /* UIImage+animatedGIF.h */,
				B6D1EC031BE17FB0007A2C47 /* UIImage+animatedGIF.m */,
				B6D1EC0A1BE184D5007A2C47 /* puppy.gif */,
			);
			path = AnimatedGIFPlayback;
			sourceTree = SOURCE_ROOT;
		};
		B6FF560B1BE0BFBE009D0F65 = {
			isa = PBXGroup;
			children = (
				B6FF56161BE0BFBE009D0F65 /* CQIntroductoryGIFFrameOperationHarness */,
				B6FF562B1BE0BFBE009D0F65 /* CQIntroductoryGIFFrameOperationHarnessTests */,
				B6FF56151BE0BFBE009D0F65 /* Products */,
			);
			sourceTree = "<group>";
		};
		B6FF56151BE0BFBE009D0F65 /* Products */ = {
			isa = PBXGroup;
			children = (
				B6FF56141BE0BFBE009D0F65 /* CQIntroductoryGIFFrameOperationHarness.app */,
				B6FF56281BE0BFBE009D0F65 /* CQIntroductoryGIFFrameOperationHarnessTests.xctest */,
			);
			name = Products;
			sourceTree = "<group>";
		};
		B6FF56161BE0BFBE009D0F65 /* CQIntroductoryGIFFrameOperationHarness */ = {
			isa = PBXGroup;
			children = (
				B6FF56171BE0BFBE009D0F65 /* AppDelegate.swift */,
				B6FF56191BE0BFBE009D0F65 /* ViewController.swift */,
				B6FF56391BE0BFD3009D0F65 /* CQIntroductoryGIFFrameOperation.m */,
				B6FF56381BE0BFD3009D0F65 /* CQIntroductoryGIFFrameOperation.h */,
				B6FF56371BE0BFD2009D0F65 /* CQIntroductoryGIFFrameOperationHarness-Bridging-Header.h */,
				B6D1EC001BE17FB0007A2C47 /* AnimatedGIFPlayback */,
				B6FF561B1BE0BFBE009D0F65 /* Main.storyboard */,
				B6FF561E1BE0BFBE009D0F65 /* Assets.xcassets */,
				B6FF56201BE0BFBE009D0F65 /* LaunchScreen.storyboard */,
				B6FF56231BE0BFBE009D0F65 /* Info.plist */,
			);
			path = CQIntroductoryGIFFrameOperationHarness;
			sourceTree = "<group>";
		};
		B6FF562B1BE0BFBE009D0F65 /* CQIntroductoryGIFFrameOperationHarnessTests */ = {
			isa = PBXGroup;
			children = (
				B6FF562C1BE0BFBE009D0F65 /* CQIntroductoryGIFFrameOperationHarnessTests.swift */,
				B6FF562E1BE0BFBE009D0F65 /* Info.plist */,
			);
			path = CQIntroductoryGIFFrameOperationHarnessTests;
			sourceTree = "<group>";
		};
/* End PBXGroup section */

/* Begin PBXNativeTarget section */
		B6FF56131BE0BFBE009D0F65 /* CQIntroductoryGIFFrameOperationHarness */ = {
			isa = PBXNativeTarget;
			buildConfigurationList = B6FF56311BE0BFBE009D0F65 /* Build configuration list for PBXNativeTarget "CQIntroductoryGIFFrameOperationHarness" */;
			buildPhases = (
				B6FF56101BE0BFBE009D0F65 /* Sources */,
				B6FF56111BE0BFBE009D0F65 /* Frameworks */,
				B6FF56121BE0BFBE009D0F65 /* Resources */,
			);
			buildRules = (
			);
			dependencies = (
			);
			name = CQIntroductoryGIFFrameOperationHarness;
			productName = CQIntroductoryGIFFrameOperationHarness;
			productReference = B6FF56141BE0BFBE009D0F65 /* CQIntroductoryGIFFrameOperationHarness.app */;
			productType = "com.apple.product-type.application";
		};
		B6FF56271BE0BFBE009D0F65 /* CQIntroductoryGIFFrameOperationHarnessTests */ = {
			isa = PBXNativeTarget;
			buildConfigurationList = B6FF56341BE0BFBE009D0F65 /* Build configuration list for PBXNativeTarget "CQIntroductoryGIFFrameOperationHarnessTests" */;
			buildPhases = (
				B6FF56241BE0BFBE009D0F65 /* Sources */,
				B6FF56251BE0BFBE009D0F65 /* Frameworks */,
				B6FF56261BE0BFBE009D0F65 /* Resources */,
			);
			buildRules = (
			);
			dependencies = (
				B6FF562A1BE0BFBE009D0F65 /* PBXTargetDependency */,
			);
			name = CQIntroductoryGIFFrameOperationHarnessTests;
			productName = CQIntroductoryGIFFrameOperationHarnessTests;
			productReference = B6FF56281BE0BFBE009D0F65 /* CQIntroductoryGIFFrameOperationHarnessTests.xctest */;
			productType = "com.apple.product-type.bundle.unit-test";
		};
/* End PBXNativeTarget section */

/* Begin PBXProject section */
		B6FF560C1BE0BFBE009D0F65 /* Project object */ = {
			isa = PBXProject;
			attributes = {
				LastSwiftUpdateCheck = 0710;
				LastUpgradeCheck = 0710;
				ORGANIZATIONNAME = "Zachary Drayer";
				TargetAttributes = {
					B6FF56131BE0BFBE009D0F65 = {
						CreatedOnToolsVersion = 7.1;
					};
					B6FF56271BE0BFBE009D0F65 = {
						CreatedOnToolsVersion = 7.1;
						TestTargetID = B6FF56131BE0BFBE009D0F65;
					};
				};
			};
			buildConfigurationList = B6FF560F1BE0BFBE009D0F65 /* Build configuration list for PBXProject "CQIntroductoryGIFFrameOperationHarness" */;
			compatibilityVersion = "Xcode 3.2";
			developmentRegion = English;
			hasScannedForEncodings = 0;
			knownRegions = (
				en,
				Base,
			);
			mainGroup = B6FF560B1BE0BFBE009D0F65;
			productRefGroup = B6FF56151BE0BFBE009D0F65 /* Products */;
			projectDirPath = "";
			projectRoot = "";
			targets = (
				B6FF56131BE0BFBE009D0F65 /* CQIntroductoryGIFFrameOperationHarness */,
				B6FF56271BE0BFBE009D0F65 /* CQIntroductoryGIFFrameOperationHarnessTests */,
			);
		};
/* End PBXProject section */

/* Begin PBXResourcesBuildPhase section */
		B6FF56121BE0BFBE009D0F65 /* Resources */ = {
			isa = PBXResourcesBuildPhase;
			buildActionMask = 2147483647;
			files = (
				B6FF56221BE0BFBE009D0F65 /* LaunchScreen.storyboard in Resources */,
				B6D1EC0B1BE184D5007A2C47 /* puppy.gif in Resources */,
				B6FF561F1BE0BFBE009D0F65 /* Assets.xcassets in Resources */,
				B6D1EC041BE17FB0007A2C47 /* UIImage+animatedGIF.COPYRIGHT in Resources */,
				B6FF561D1BE0BFBE009D0F65 /* Main.storyboard in Resources */,
			);
			runOnlyForDeploymentPostprocessing = 0;
		};
		B6FF56261BE0BFBE009D0F65 /* Resources */ = {
			isa = PBXResourcesBuildPhase;
			buildActionMask = 2147483647;
			files = (
			);
			runOnlyForDeploymentPostprocessing = 0;
		};
/* End PBXResourcesBuildPhase section */

/* Begin PBXSourcesBuildPhase section */
		B6FF56101BE0BFBE009D0F65 /* Sources */ = {
			isa = PBXSourcesBuildPhase;
			buildActionMask = 2147483647;
			files = (
				B6FF563A1BE0BFD3009D0F65 /* CQIntroductoryGIFFrameOperation.m in Sources */,
				B6D1EC051BE17FB0007A2C47 /* UIImage+animatedGIF.m in Sources */,
				B6FF561A1BE0BFBE009D0F65 /* ViewController.swift in Sources */,
				B6FF56181BE0BFBE009D0F65 /* AppDelegate.swift in Sources */,
			);
			runOnlyForDeploymentPostprocessing = 0;
		};
		B6FF56241BE0BFBE009D0F65 /* Sources */ = {
			isa = PBXSourcesBuildPhase;
			buildActionMask = 2147483647;
			files = (
				B6FF562D1BE0BFBE009D0F65 /* CQIntroductoryGIFFrameOperationHarnessTests.swift in Sources */,
			);
			runOnlyForDeploymentPostprocessing = 0;
		};
/* End PBXSourcesBuildPhase section */

/* Begin PBXTargetDependency section */
		B6FF562A1BE0BFBE009D0F65 /* PBXTargetDependency */ = {
			isa = PBXTargetDependency;
			target = B6FF56131BE0BFBE009D0F65 /* CQIntroductoryGIFFrameOperationHarness */;
			targetProxy = B6FF56291BE0BFBE009D0F65 /* PBXContainerItemProxy */;
		};
/* End PBXTargetDependency section */

/* Begin PBXVariantGroup section */
		B6FF561B1BE0BFBE009D0F65 /* Main.storyboard */ = {
			isa = PBXVariantGroup;
			children = (
				B6FF561C1BE0BFBE009D0F65 /* Base */,
			);
			name = Main.storyboard;
			sourceTree = "<group>";
		};
		B6FF56201BE0BFBE009D0F65 /* LaunchScreen.storyboard */ = {
			isa = PBXVariantGroup;
			children = (
				B6FF56211BE0BFBE009D0F65 /* Base */,
			);
			name = LaunchScreen.storyboard;
			sourceTree = "<group>";
		};
/* End PBXVariantGroup section */

/* Begin XCBuildConfiguration section */
		B6FF562F1BE0BFBE009D0F65 /* Debug */ = {
			isa = XCBuildConfiguration;
			buildSettings = {
				ALWAYS_SEARCH_USER_PATHS = NO;
				CLANG_CXX_LANGUAGE_STANDARD = "gnu++0x";
				CLANG_CXX_LIBRARY = "libc++";
				CLANG_ENABLE_MODULES = YES;
				CLANG_ENABLE_OBJC_ARC = YES;
				CLANG_WARN_BOOL_CONVERSION = YES;
				CLANG_WARN_CONSTANT_CONVERSION = YES;
				CLANG_WARN_DIRECT_OBJC_ISA_USAGE = YES_ERROR;
				CLANG_WARN_EMPTY_BODY = YES;
				CLANG_WARN_ENUM_CONVERSION = YES;
				CLANG_WARN_INT_CONVERSION = YES;
				CLANG_WARN_OBJC_ROOT_CLASS = YES_ERROR;
				CLANG_WARN_UNREACHABLE_CODE = YES;
				CLANG_WARN__DUPLICATE_METHOD_MATCH = YES;
				"CODE_SIGN_IDENTITY[sdk=iphoneos*]" = "iPhone Developer";
				COPY_PHASE_STRIP = NO;
				DEBUG_INFORMATION_FORMAT = dwarf;
				ENABLE_STRICT_OBJC_MSGSEND = YES;
				ENABLE_TESTABILITY = YES;
				GCC_C_LANGUAGE_STANDARD = gnu99;
				GCC_DYNAMIC_NO_PIC = NO;
				GCC_NO_COMMON_BLOCKS = YES;
				GCC_OPTIMIZATION_LEVEL = 0;
				GCC_PREPROCESSOR_DEFINITIONS = (
					"DEBUG=1",
					"$(inherited)",
				);
				GCC_WARN_64_TO_32_BIT_CONVERSION = YES;
				GCC_WARN_ABOUT_RETURN_TYPE = YES_ERROR;
				GCC_WARN_UNDECLARED_SELECTOR = YES;
				GCC_WARN_UNINITIALIZED_AUTOS = YES_AGGRESSIVE;
				GCC_WARN_UNUSED_FUNCTION = YES;
				GCC_WARN_UNUSED_VARIABLE = YES;
				IPHONEOS_DEPLOYMENT_TARGET = 9.1;
				MTL_ENABLE_DEBUG_INFO = YES;
				ONLY_ACTIVE_ARCH = YES;
				SDKROOT = iphoneos;
				SWIFT_OPTIMIZATION_LEVEL = "-Onone";
				TARGETED_DEVICE_FAMILY = "1,2";
			};
			name = Debug;
		};
		B6FF56301BE0BFBE009D0F65 /* Release */ = {
			isa = XCBuildConfiguration;
			buildSettings = {
				ALWAYS_SEARCH_USER_PATHS = NO;
				CLANG_CXX_LANGUAGE_STANDARD = "gnu++0x";
				CLANG_CXX_LIBRARY = "libc++";
				CLANG_ENABLE_MODULES = YES;
				CLANG_ENABLE_OBJC_ARC = YES;
				CLANG_WARN_BOOL_CONVERSION = YES;
				CLANG_WARN_CONSTANT_CONVERSION = YES;
				CLANG_WARN_DIRECT_OBJC_ISA_USAGE = YES_ERROR;
				CLANG_WARN_EMPTY_BODY = YES;
				CLANG_WARN_ENUM_CONVERSION = YES;
				CLANG_WARN_INT_CONVERSION = YES;
				CLANG_WARN_OBJC_ROOT_CLASS = YES_ERROR;
				CLANG_WARN_UNREACHABLE_CODE = YES;
				CLANG_WARN__DUPLICATE_METHOD_MATCH = YES;
				"CODE_SIGN_IDENTITY[sdk=iphoneos*]" = "iPhone Developer";
				COPY_PHASE_STRIP = NO;
				DEBUG_INFORMATION_FORMAT = "dwarf-with-dsym";
				ENABLE_NS_ASSERTIONS = NO;
				ENABLE_STRICT_OBJC_MSGSEND = YES;
				GCC_C_LANGUAGE_STANDARD = gnu99;
				GCC_NO_COMMON_BLOCKS = YES;
				GCC_WARN_64_TO_32_BIT_CONVERSION = YES;
				GCC_WARN_ABOUT_RETURN_TYPE = YES_ERROR;
				GCC_WARN_UNDECLARED_SELECTOR = YES;
				GCC_WARN_UNINITIALIZED_AUTOS = YES_AGGRESSIVE;
				GCC_WARN_UNUSED_FUNCTION = YES;
				GCC_WARN_UNUSED_VARIABLE = YES;
				IPHONEOS_DEPLOYMENT_TARGET = 9.1;
				MTL_ENABLE_DEBUG_INFO = NO;
				SDKROOT = iphoneos;
				TARGETED_DEVICE_FAMILY = "1,2";
				VALIDATE_PRODUCT = YES;
			};
			name = Release;
		};
		B6FF56321BE0BFBE009D0F65 /* Debug */ = {
			isa = XCBuildConfiguration;
			buildSettings = {
				ASSETCATALOG_COMPILER_APPICON_NAME = AppIcon;
				CLANG_ENABLE_MODULES = YES;
				INFOPLIST_FILE = CQIntroductoryGIFFrameOperationHarness/Info.plist;
				IPHONEOS_DEPLOYMENT_TARGET = 8.0;
				LD_RUNPATH_SEARCH_PATHS = "$(inherited) @executable_path/Frameworks";
				PRODUCT_BUNDLE_IDENTIFIER = net.thisismyinter.CQIntroductoryGIFFrameOperationHarness;
				PRODUCT_NAME = "$(TARGET_NAME)";
				SWIFT_OBJC_BRIDGING_HEADER = "CQIntroductoryGIFFrameOperationHarness/CQIntroductoryGIFFrameOperationHarness-Bridging-Header.h";
				SWIFT_OPTIMIZATION_LEVEL = "-Onone";
			};
			name = Debug;
		};
		B6FF56331BE0BFBE009D0F65 /* Release */ = {
			isa = XCBuildConfiguration;
			buildSettings = {
				ASSETCATALOG_COMPILER_APPICON_NAME = AppIcon;
				CLANG_ENABLE_MODULES = YES;
				INFOPLIST_FILE = CQIntroductoryGIFFrameOperationHarness/Info.plist;
				IPHONEOS_DEPLOYMENT_TARGET = 8.0;
				LD_RUNPATH_SEARCH_PATHS = "$(inherited) @executable_path/Frameworks";
				PRODUCT_BUNDLE_IDENTIFIER = net.thisismyinter.CQIntroductoryGIFFrameOperationHarness;
				PRODUCT_NAME = "$(TARGET_NAME)";
				SWIFT_OBJC_BRIDGING_HEADER = "CQIntroductoryGIFFrameOperationHarness/CQIntroductoryGIFFrameOperationHarness-Bridging-Header.h";
			};
			name = Release;
		};
		B6FF56351BE0BFBE009D0F65 /* Debug */ = {
			isa = XCBuildConfiguration;
			buildSettings = {
				BUNDLE_LOADER = "$(TEST_HOST)";
				INFOPLIST_FILE = CQIntroductoryGIFFrameOperationHarnessTests/Info.plist;
				LD_RUNPATH_SEARCH_PATHS = "$(inherited) @executable_path/Frameworks @loader_path/Frameworks";
				PRODUCT_BUNDLE_IDENTIFIER = net.thisismyinter.CQIntroductoryGIFFrameOperationHarnessTests;
				PRODUCT_NAME = "$(TARGET_NAME)";
				TEST_HOST = "$(BUILT_PRODUCTS_DIR)/CQIntroductoryGIFFrameOperationHarness.app/CQIntroductoryGIFFrameOperationHarness";
			};
			name = Debug;
		};
		B6FF56361BE0BFBE009D0F65 /* Release */ = {
			isa = XCBuildConfiguration;
			buildSettings = {
				BUNDLE_LOADER = "$(TEST_HOST)";
				INFOPLIST_FILE = CQIntroductoryGIFFrameOperationHarnessTests/Info.plist;
				LD_RUNPATH_SEARCH_PATHS = "$(inherited) @executable_path/Frameworks @loader_path/Frameworks";
				PRODUCT_BUNDLE_IDENTIFIER = net.thisismyinter.CQIntroductoryGIFFrameOperationHarnessTests;
				PRODUCT_NAME = "$(TARGET_NAME)";
				TEST_HOST = "$(BUILT_PRODUCTS_DIR)/CQIntroductoryGIFFrameOperationHarness.app/CQIntroductoryGIFFrameOperationHarness";
			};
			name = Release;
		};
/* End XCBuildConfiguration section */

/* Begin XCConfigurationList section */
		B6FF560F1BE0BFBE009D0F65 /* Build configuration list for PBXProject "CQIntroductoryGIFFrameOperationHarness" */ = {
			isa = XCConfigurationList;
			buildConfigurations = (
				B6FF562F1BE0BFBE009D0F65 /* Debug */,
				B6FF56301BE0BFBE009D0F65 /* Release */,
			);
			defaultConfigurationIsVisible = 0;
			defaultConfigurationName = Release;
		};
		B6FF56311BE0BFBE009D0F65 /* Build configuration list for PBXNativeTarget "CQIntroductoryGIFFrameOperationHarness" */ = {
			isa = XCConfigurationList;
			buildConfigurations = (
				B6FF56321BE0BFBE009D0F65 /* Debug */,
				B6FF56331BE0BFBE009D0F65 /* Release */,
			);
			defaultConfigurationIsVisible = 0;
			defaultConfigurationName = Release;
		};
		B6FF56341BE0BFBE009D0F65 /* Build configuration list for PBXNativeTarget "CQIntroductoryGIFFrameOperationHarnessTests" */ = {
			isa = XCConfigurationList;
			buildConfigurations = (
				B6FF56351BE0BFBE009D0F65 /* Debug */,
				B6FF56361BE0BFBE009D0F65 /* Release */,
			);
			defaultConfigurationIsVisible = 0;
			defaultConfigurationName = Release;
		};
/* End XCConfigurationList section */
	};
	rootObject = B6FF560C1BE0BFBE009D0F65 /* Project object */;
}
